
Microsoft Visual Studio Solution File, Format Version 12.00
# Visual Studio 15
VisualStudioVersion = 15.0.27703.2042
MinimumVisualStudioVersion = 10.0.40219.1
Project("{9A19103F-16F7-4668-BE54-9A1E7A4F7556}") = "Google.Application", "Google.Application\Google.Application.csproj", "{498AFDBD-3CA9-44B0-93B4-D39B11ACFD64}"
EndProject
Project("{9A19103F-16F7-4668-BE54-9A1E7A4F7556}") = "Google.Common", "Google.Common\Google.Common.csproj", "{29B4A52B-5320-49E2-A1B6-F9925F561CA7}"
EndProject
Project("{9A19103F-16F7-4668-BE54-9A1E7A4F7556}") = "Google.Service", "Google.Service\Google.Service.csproj", "{46FF5F61-71C1-402F-9D09-6406F4C9559B}"
EndProject
Project("{9A19103F-16F7-4668-BE54-9A1E7A4F7556}") = "Google.Model", "Google.Model\Google.Model.csproj", "{07C561FF-5703-4849-A99A-8B74D7C7958A}"
EndProject
Global
	GlobalSection(SolutionConfigurationPlatforms) = preSolution
		Debug|Any CPU = Debug|Any CPU
		Release|Any CPU = Release|Any CPU
	EndGlobalSection
	GlobalSection(ProjectConfigurationPlatforms) = postSolution
		{498AFDBD-3CA9-44B0-93B4-D39B11ACFD64}.Debug|Any CPU.ActiveCfg = Debug|Any CPU
		{498AFDBD-3CA9-44B0-93B4-D39B11ACFD64}.Debug|Any CPU.Build.0 = Debug|Any CPU
		{498AFDBD-3CA9-44B0-93B4-D39B11ACFD64}.Release|Any CPU.ActiveCfg = Release|Any CPU
		{498AFDBD-3CA9-44B0-93B4-D39B11ACFD64}.Release|Any CPU.Build.0 = Release|Any CPU
		{29B4A52B-5320-49E2-A1B6-F9925F561CA7}.Debug|Any CPU.ActiveCfg = Debug|Any CPU
		{29B4A52B-5320-49E2-A1B6-F9925F561CA7}.Debug|Any CPU.Build.0 = Debug|Any CPU
		{29B4A52B-5320-49E2-A1B6-F9925F561CA7}.Release|Any CPU.ActiveCfg = Release|Any CPU
		{29B4A52B-5320-49E2-A1B6-F9925F561CA7}.Release|Any CPU.Build.0 = Release|Any CPU
		{46FF5F61-71C1-402F-9D09-6406F4C9559B}.Debug|Any CPU.ActiveCfg = Debug|Any CPU
		{46FF5F61-71C1-402F-9D09-6406F4C9559B}.Debug|Any CPU.Build.0 = Debug|Any CPU
		{46FF5F61-71C1-402F-9D09-6406F4C9559B}.Release|Any CPU.ActiveCfg = Release|Any CPU
		{46FF5F61-71C1-402F-9D09-6406F4C9559B}.Release|Any CPU.Build.0 = Release|Any CPU
		{07C561FF-5703-4849-A99A-8B74D7C7958A}.Debug|Any CPU.ActiveCfg = Debug|Any CPU
		{07C561FF-5703-4849-A99A-8B74D7C7958A}.Debug|Any CPU.Build.0 = Debug|Any CPU
		{07C561FF-5703-4849-A99A-8B74D7C7958A}.Release|Any CPU.ActiveCfg = Release|Any CPU
		{07C561FF-5703-4849-A99A-8B74D7C7958A}.Release|Any CPU.Build.0 = Release|Any CPU
	EndGlobalSection
	GlobalSection(SolutionProperties) = preSolution
		HideSolutionNode = FALSE
	EndGlobalSection
	GlobalSection(ExtensibilityGlobals) = postSolution
		SolutionGuid = {738BA5C6-5FDD-4630-A39F-F171191F6B86}
	EndGlobalSection
EndGlobal
